PODS:
  - LlamaKit (0.1.0)

DEPENDENCIES:
  - LlamaKit (from `https://github.com/AshFurrow/LlamaKit`, branch `rac_podspec`)

EXTERNAL SOURCES:
  LlamaKit:
    :branch: rac_podspec
    :git: https://github.com/AshFurrow/LlamaKit

CHECKOUT OPTIONS:
  LlamaKit:
    :commit: acb03f22396ee8e2b990b45790ef5f2446278589
    :git: https://github.com/AshFurrow/LlamaKit

SPEC CHECKSUMS:
  LlamaKit: 71673af25b2c733160d643e67c1f711d3afa4af2

COCOAPODS: 0.35.0
